# THIS IS AN AUTOGENERATED FILE. DO NOT EDIT THIS FILE DIRECTLY.
# yarn lockfile v1


csv-parse@^4.14.2:
  version "4.14.2"
  resolved "https://registry.yarnpkg.com/csv-parse/-/csv-parse-4.14.2.tgz#c1329cff95a99b8773a92c4e62f8bff114b34726"
  integrity sha512-YE2xlTKtM035/94llhgsp9qFQxGi47EkQJ1pZ+mLT/98GpIsbjkMGAb7Rmu9hNxVfYFOLf10hP+rPVqnoccLgw==

prettier@2.2.1:
  version "2.2.1"
  resolved "https://registry.yarnpkg.com/prettier/-/prettier-2.2.1.tgz#795a1a78dd52f073da0cd42b21f9c91381923ff5"
  integrity sha512-PqyhM2yCjg/oKkFPtTGUojv7gnZAoG80ttl45O6x2Ug/rMJw4wcc9k6aaf2hibP7BGVCCM33gZoGjyvt9mm16Q==
